
Microsoft Visual Studio Solution File, Format Version 12.00
# Visual Studio Version 17
VisualStudioVersion = 17.9.34607.119
MinimumVisualStudioVersion = 10.0.40219.1
Project("{9A19103F-16F7-4668-BE54-9A1E7A4F7556}") = "BulkyWeb", "BulkyWeb\BulkyWeb.csproj", "{3FC4F43F-C442-40F8-82BD-D1B937C2A7FC}"
EndProject
Project("{9A19103F-16F7-4668-BE54-9A1E7A4F7556}") = "Bulky.DataAccess", "Bulcky.DataAccess\Bulky.DataAccess.csproj", "{34A17D31-580E-4A7F-88F3-90727657B5D6}"
EndProject
Project("{9A19103F-16F7-4668-BE54-9A1E7A4F7556}") = "Bulky.Models", "Bulky.Models\Bulky.Models.csproj", "{4AA61AD6-152A-498A-B43C-70B7D4F2AF1B}"
EndProject
Project("{9A19103F-16F7-4668-BE54-9A1E7A4F7556}") = "Bulky.Utility", "Bulky.Utility\Bulky.Utility.csproj", "{DDC7F2E7-B11F-4373-9531-6488CEB2DE1B}"
EndProject
Project("{2150E333-8FDC-42A3-9474-1A3956D46DE8}") = "Solution Items", "Solution Items", "{6EF08F80-2C6D-454F-8CDF-60DECD3A5F02}"
	ProjectSection(SolutionItems) = preProject
		.editorconfig = .editorconfig
	EndProjectSection
EndProject
Global
	GlobalSection(SolutionConfigurationPlatforms) = preSolution
		Debug|Any CPU = Debug|Any CPU
		Release|Any CPU = Release|Any CPU
	EndGlobalSection
	GlobalSection(ProjectConfigurationPlatforms) = postSolution
		{3FC4F43F-C442-40F8-82BD-D1B937C2A7FC}.Debug|Any CPU.ActiveCfg = Debug|Any CPU
		{3FC4F43F-C442-40F8-82BD-D1B937C2A7FC}.Debug|Any CPU.Build.0 = Debug|Any CPU
		{3FC4F43F-C442-40F8-82BD-D1B937C2A7FC}.Release|Any CPU.ActiveCfg = Release|Any CPU
		{3FC4F43F-C442-40F8-82BD-D1B937C2A7FC}.Release|Any CPU.Build.0 = Release|Any CPU
		{34A17D31-580E-4A7F-88F3-90727657B5D6}.Debug|Any CPU.ActiveCfg = Debug|Any CPU
		{34A17D31-580E-4A7F-88F3-90727657B5D6}.Debug|Any CPU.Build.0 = Debug|Any CPU
		{34A17D31-580E-4A7F-88F3-90727657B5D6}.Release|Any CPU.ActiveCfg = Release|Any CPU
		{34A17D31-580E-4A7F-88F3-90727657B5D6}.Release|Any CPU.Build.0 = Release|Any CPU
		{4AA61AD6-152A-498A-B43C-70B7D4F2AF1B}.Debug|Any CPU.ActiveCfg = Debug|Any CPU
		{4AA61AD6-152A-498A-B43C-70B7D4F2AF1B}.Debug|Any CPU.Build.0 = Debug|Any CPU
		{4AA61AD6-152A-498A-B43C-70B7D4F2AF1B}.Release|Any CPU.ActiveCfg = Release|Any CPU
		{4AA61AD6-152A-498A-B43C-70B7D4F2AF1B}.Release|Any CPU.Build.0 = Release|Any CPU
		{DDC7F2E7-B11F-4373-9531-6488CEB2DE1B}.Debug|Any CPU.ActiveCfg = Debug|Any CPU
		{DDC7F2E7-B11F-4373-9531-6488CEB2DE1B}.Debug|Any CPU.Build.0 = Debug|Any CPU
		{DDC7F2E7-B11F-4373-9531-6488CEB2DE1B}.Release|Any CPU.ActiveCfg = Release|Any CPU
		{DDC7F2E7-B11F-4373-9531-6488CEB2DE1B}.Release|Any CPU.Build.0 = Release|Any CPU
	EndGlobalSection
	GlobalSection(SolutionProperties) = preSolution
		HideSolutionNode = FALSE
	EndGlobalSection
	GlobalSection(ExtensibilityGlobals) = postSolution
		SolutionGuid = {454023FD-5685-4E32-BCE3-F6302CA3CF4F}
	EndGlobalSection
EndGlobal
